
Microsoft Visual Studio Solution File, Format Version 12.00
# Visual Studio Version 16
VisualStudioVersion = 16.0.31911.196
MinimumVisualStudioVersion = 10.0.40219.1
Project("{FAE04EC0-301F-11D3-BF4B-00C04F79EFBC}") = "AnaProje", "AnaProje.csproj", "{F90D6EA8-2D17-4882-A495-69BF68065227}"
EndProject
Global
	GlobalSection(SolutionConfigurationPlatforms) = preSolution
		Debug|Any CPU = Debug|Any CPU
		Release|Any CPU = Release|Any CPU
	EndGlobalSection
	GlobalSection(ProjectConfigurationPlatforms) = postSolution
		{F90D6EA8-2D17-4882-A495-69BF68065227}.Debug|Any CPU.ActiveCfg = Debug|Any CPU
		{F90D6EA8-2D17-4882-A495-69BF68065227}.Debug|Any CPU.Build.0 = Debug|Any CPU
		{F90D6EA8-2D17-4882-A495-69BF68065227}.Release|Any CPU.ActiveCfg = Release|Any CPU
		{F90D6EA8-2D17-4882-A495-69BF68065227}.Release|Any CPU.Build.0 = Release|Any CPU
	EndGlobalSection
	GlobalSection(SolutionProperties) = preSolution
		HideSolutionNode = FALSE
	EndGlobalSection
	GlobalSection(ExtensibilityGlobals) = postSolution
		SolutionGuid = {53EB3D70-8BB3-4056-BD43-5AEFA21B5CC8}
	EndGlobalSection
EndGlobal
